
Microsoft Visual Studio Solution File, Format Version 12.00
# Visual Studio 15
VisualStudioVersion = 15.0.28010.2003
MinimumVisualStudioVersion = 10.0.40219.1
Project("{FAE04EC0-301F-11D3-BF4B-00C04F79EFBC}") = "DC3Scanner.Android", "DC3Scanner\DC3Scanner.Android\DC3Scanner.Android.csproj", "{788EE8FE-198F-4DE6-BBD2-0F3610D7596C}"
EndProject
Project("{FAE04EC0-301F-11D3-BF4B-00C04F79EFBC}") = "DC3Scanner.iOS", "DC3Scanner\DC3Scanner.iOS\DC3Scanner.iOS.csproj", "{5B8007A3-10CF-487B-9635-B7F5DFADE19D}"
EndProject
Project("{9A19103F-16F7-4668-BE54-9A1E7A4F7556}") = "DC3Scanner", "DC3Scanner\DC3Scanner\DC3Scanner.csproj", "{E62E52B3-5C40-4FEA-8372-E0901473C45E}"
EndProject
Project("{2150E333-8FDC-42A3-9474-1A3956D46DE8}") = "Solution Items", "Solution Items", "{8D813DE2-A1E5-410D-9676-50BBCA32BC33}"
EndProject
Global
	GlobalSection(SolutionConfigurationPlatforms) = preSolution
		Ad-Hoc|Any CPU = Ad-Hoc|Any CPU
		Ad-Hoc|iPhone = Ad-Hoc|iPhone
		Ad-Hoc|iPhoneSimulator = Ad-Hoc|iPhoneSimulator
		AppStore|Any CPU = AppStore|Any CPU
		AppStore|iPhone = AppStore|iPhone
		AppStore|iPhoneSimulator = AppStore|iPhoneSimulator
		Debug|Any CPU = Debug|Any CPU
		Debug|iPhone = Debug|iPhone
		Debug|iPhoneSimulator = Debug|iPhoneSimulator
		Release|Any CPU = Release|Any CPU
		Release|iPhone = Release|iPhone
		Release|iPhoneSimulator = Release|iPhoneSimulator
	EndGlobalSection
	GlobalSection(ProjectConfigurationPlatforms) = postSolution
		{788EE8FE-198F-4DE6-BBD2-0F3610D7596C}.Ad-Hoc|Any CPU.ActiveCfg = Release|Any CPU
		{788EE8FE-198F-4DE6-BBD2-0F3610D7596C}.Ad-Hoc|Any CPU.Build.0 = Release|Any CPU
		{788EE8FE-198F-4DE6-BBD2-0F3610D7596C}.Ad-Hoc|Any CPU.Deploy.0 = Release|Any CPU
		{788EE8FE-198F-4DE6-BBD2-0F3610D7596C}.Ad-Hoc|iPhone.ActiveCfg = Release|Any CPU
		{788EE8FE-198F-4DE6-BBD2-0F3610D7596C}.Ad-Hoc|iPhone.Build.0 = Release|Any CPU
		{788EE8FE-198F-4DE6-BBD2-0F3610D7596C}.Ad-Hoc|iPhone.Deploy.0 = Release|Any CPU
		{788EE8FE-198F-4DE6-BBD2-0F3610D7596C}.Ad-Hoc|iPhoneSimulator.ActiveCfg = Release|Any CPU
		{788EE8FE-198F-4DE6-BBD2-0F3610D7596C}.Ad-Hoc|iPhoneSimulator.Build.0 = Release|Any CPU
		{788EE8FE-198F-4DE6-BBD2-0F3610D7596C}.Ad-Hoc|iPhoneSimulator.Deploy.0 = Release|Any CPU
		{788EE8FE-198F-4DE6-BBD2-0F3610D7596C}.AppStore|Any CPU.ActiveCfg = Release|Any CPU
		{788EE8FE-198F-4DE6-BBD2-0F3610D7596C}.AppStore|Any CPU.Build.0 = Release|Any CPU
		{788EE8FE-198F-4DE6-BBD2-0F3610D7596C}.AppStore|Any CPU.Deploy.0 = Release|Any CPU
		{788EE8FE-198F-4DE6-BBD2-0F3610D7596C}.AppStore|iPhone.ActiveCfg = Release|Any CPU
		{788EE8FE-198F-4DE6-BBD2-0F3610D7596C}.AppStore|iPhone.Build.0 = Release|Any CPU
		{788EE8FE-198F-4DE6-BBD2-0F3610D7596C}.AppStore|iPhone.Deploy.0 = Release|Any CPU
		{788EE8FE-198F-4DE6-BBD2-0F3610D7596C}.AppStore|iPhoneSimulator.ActiveCfg = Release|Any CPU
		{788EE8FE-198F-4DE6-BBD2-0F3610D7596C}.AppStore|iPhoneSimulator.Build.0 = Release|Any CPU
		{788EE8FE-198F-4DE6-BBD2-0F3610D7596C}.AppStore|iPhoneSimulator.Deploy.0 = Release|Any CPU
		{788EE8FE-198F-4DE6-BBD2-0F3610D7596C}.Debug|Any CPU.ActiveCfg = Debug|Any CPU
		{788EE8FE-198F-4DE6-BBD2-0F3610D7596C}.Debug|Any CPU.Build.0 = Debug|Any CPU
		{788EE8FE-198F-4DE6-BBD2-0F3610D7596C}.Debug|Any CPU.Deploy.0 = Debug|Any CPU
		{788EE8FE-198F-4DE6-BBD2-0F3610D7596C}.Debug|iPhone.ActiveCfg = Debug|Any CPU
		{788EE8FE-198F-4DE6-BBD2-0F3610D7596C}.Debug|iPhone.Build.0 = Debug|Any CPU
		{788EE8FE-198F-4DE6-BBD2-0F3610D7596C}.Debug|iPhone.Deploy.0 = Debug|Any CPU
		{788EE8FE-198F-4DE6-BBD2-0F3610D7596C}.Debug|iPhoneSimulator.ActiveCfg = Debug|Any CPU
		{788EE8FE-198F-4DE6-BBD2-0F3610D7596C}.Debug|iPhoneSimulator.Build.0 = Debug|Any CPU
		{788EE8FE-198F-4DE6-BBD2-0F3610D7596C}.Debug|iPhoneSimulator.Deploy.0 = Debug|Any CPU
		{788EE8FE-198F-4DE6-BBD2-0F3610D7596C}.Release|Any CPU.ActiveCfg = Release|Any CPU
		{788EE8FE-198F-4DE6-BBD2-0F3610D7596C}.Release|Any CPU.Build.0 = Release|Any CPU
		{788EE8FE-198F-4DE6-BBD2-0F3610D7596C}.Release|Any CPU.Deploy.0 = Release|Any CPU
		{788EE8FE-198F-4DE6-BBD2-0F3610D7596C}.Release|iPhone.ActiveCfg = Release|Any CPU
		{788EE8FE-198F-4DE6-BBD2-0F3610D7596C}.Release|iPhone.Build.0 = Release|Any CPU
		{788EE8FE-198F-4DE6-BBD2-0F3610D7596C}.Release|iPhone.Deploy.0 = Release|Any CPU
		{788EE8FE-198F-4DE6-BBD2-0F3610D7596C}.Release|iPhoneSimulator.ActiveCfg = Release|Any CPU
		{788EE8FE-198F-4DE6-BBD2-0F3610D7596C}.Release|iPhoneSimulator.Build.0 = Release|Any CPU
		{788EE8FE-198F-4DE6-BBD2-0F3610D7596C}.Release|iPhoneSimulator.Deploy.0 = Release|Any CPU
		{5B8007A3-10CF-487B-9635-B7F5DFADE19D}.Ad-Hoc|Any CPU.ActiveCfg = Ad-Hoc|iPhone
		{5B8007A3-10CF-487B-9635-B7F5DFADE19D}.Ad-Hoc|Any CPU.Build.0 = Ad-Hoc|iPhone
		{5B8007A3-10CF-487B-9635-B7F5DFADE19D}.Ad-Hoc|Any CPU.Deploy.0 = Ad-Hoc|iPhone
		{5B8007A3-10CF-487B-9635-B7F5DFADE19D}.Ad-Hoc|iPhone.ActiveCfg = Ad-Hoc|iPhone
		{5B8007A3-10CF-487B-9635-B7F5DFADE19D}.Ad-Hoc|iPhone.Build.0 = Ad-Hoc|iPhone
		{5B8007A3-10CF-487B-9635-B7F5DFADE19D}.Ad-Hoc|iPhone.Deploy.0 = Ad-Hoc|iPhone
		{5B8007A3-10CF-487B-9635-B7F5DFADE19D}.Ad-Hoc|iPhoneSimulator.ActiveCfg = Ad-Hoc|iPhoneSimulator
		{5B8007A3-10CF-487B-9635-B7F5DFADE19D}.Ad-Hoc|iPhoneSimulator.Build.0 = Ad-Hoc|iPhoneSimulator
		{5B8007A3-10CF-487B-9635-B7F5DFADE19D}.Ad-Hoc|iPhoneSimulator.Deploy.0 = Ad-Hoc|iPhoneSimulator
		{5B8007A3-10CF-487B-9635-B7F5DFADE19D}.AppStore|Any CPU.ActiveCfg = AppStore|iPhone
		{5B8007A3-10CF-487B-9635-B7F5DFADE19D}.AppStore|Any CPU.Build.0 = AppStore|iPhone
		{5B8007A3-10CF-487B-9635-B7F5DFADE19D}.AppStore|Any CPU.Deploy.0 = AppStore|iPhone
		{5B8007A3-10CF-487B-9635-B7F5DFADE19D}.AppStore|iPhone.ActiveCfg = AppStore|iPhone
		{5B8007A3-10CF-487B-9635-B7F5DFADE19D}.AppStore|iPhone.Build.0 = AppStore|iPhone
		{5B8007A3-10CF-487B-9635-B7F5DFADE19D}.AppStore|iPhone.Deploy.0 = AppStore|iPhone
		{5B8007A3-10CF-487B-9635-B7F5DFADE19D}.AppStore|iPhoneSimulator.ActiveCfg = AppStore|iPhoneSimulator
		{5B8007A3-10CF-487B-9635-B7F5DFADE19D}.AppStore|iPhoneSimulator.Build.0 = AppStore|iPhoneSimulator
		{5B8007A3-10CF-487B-9635-B7F5DFADE19D}.AppStore|iPhoneSimulator.Deploy.0 = AppStore|iPhoneSimulator
		{5B8007A3-10CF-487B-9635-B7F5DFADE19D}.Debug|Any CPU.ActiveCfg = Debug|iPhoneSimulator
		{5B8007A3-10CF-487B-9635-B7F5DFADE19D}.Debug|Any CPU.Build.0 = Debug|iPhoneSimulator
		{5B8007A3-10CF-487B-9635-B7F5DFADE19D}.Debug|Any CPU.Deploy.0 = Debug|iPhoneSimulator
		{5B8007A3-10CF-487B-9635-B7F5DFADE19D}.Debug|iPhone.ActiveCfg = Debug|iPhone
		{5B8007A3-10CF-487B-9635-B7F5DFADE19D}.Debug|iPhone.Build.0 = Debug|iPhone
		{5B8007A3-10CF-487B-9635-B7F5DFADE19D}.Debug|iPhone.Deploy.0 = Debug|iPhone
		{5B8007A3-10CF-487B-9635-B7F5DFADE19D}.Debug|iPhoneSimulator.ActiveCfg = Debug|iPhoneSimulator
		{5B8007A3-10CF-487B-9635-B7F5DFADE19D}.Debug|iPhoneSimulator.Build.0 = Debug|iPhoneSimulator
		{5B8007A3-10CF-487B-9635-B7F5DFADE19D}.Debug|iPhoneSimulator.Deploy.0 = Debug|iPhoneSimulator
		{5B8007A3-10CF-487B-9635-B7F5DFADE19D}.Release|Any CPU.ActiveCfg = Release|iPhone
		{5B8007A3-10CF-487B-9635-B7F5DFADE19D}.Release|Any CPU.Build.0 = Release|iPhone
		{5B8007A3-10CF-487B-9635-B7F5DFADE19D}.Release|Any CPU.Deploy.0 = Release|iPhone
		{5B8007A3-10CF-487B-9635-B7F5DFADE19D}.Release|iPhone.ActiveCfg = Release|iPhone
		{5B8007A3-10CF-487B-9635-B7F5DFADE19D}.Release|iPhone.Build.0 = Release|iPhone
		{5B8007A3-10CF-487B-9635-B7F5DFADE19D}.Release|iPhone.Deploy.0 = Release|iPhone
		{5B8007A3-10CF-487B-9635-B7F5DFADE19D}.Release|iPhoneSimulator.ActiveCfg = Release|iPhoneSimulator
		{5B8007A3-10CF-487B-9635-B7F5DFADE19D}.Release|iPhoneSimulator.Build.0 = Release|iPhoneSimulator
		{5B8007A3-10CF-487B-9635-B7F5DFADE19D}.Release|iPhoneSimulator.Deploy.0 = Release|iPhoneSimulator
		{E62E52B3-5C40-4FEA-8372-E0901473C45E}.Ad-Hoc|Any CPU.ActiveCfg = Debug|Any CPU
		{E62E52B3-5C40-4FEA-8372-E0901473C45E}.Ad-Hoc|Any CPU.Build.0 = Debug|Any CPU
		{E62E52B3-5C40-4FEA-8372-E0901473C45E}.Ad-Hoc|Any CPU.Deploy.0 = Debug|Any CPU
		{E62E52B3-5C40-4FEA-8372-E0901473C45E}.Ad-Hoc|iPhone.ActiveCfg = Debug|Any CPU
		{E62E52B3-5C40-4FEA-8372-E0901473C45E}.Ad-Hoc|iPhone.Build.0 = Debug|Any CPU
		{E62E52B3-5C40-4FEA-8372-E0901473C45E}.Ad-Hoc|iPhone.Deploy.0 = Debug|Any CPU
		{E62E52B3-5C40-4FEA-8372-E0901473C45E}.Ad-Hoc|iPhoneSimulator.ActiveCfg = Debug|Any CPU
		{E62E52B3-5C40-4FEA-8372-E0901473C45E}.Ad-Hoc|iPhoneSimulator.Build.0 = Debug|Any CPU
		{E62E52B3-5C40-4FEA-8372-E0901473C45E}.Ad-Hoc|iPhoneSimulator.Deploy.0 = Debug|Any CPU
		{E62E52B3-5C40-4FEA-8372-E0901473C45E}.AppStore|Any CPU.ActiveCfg = Debug|Any CPU
		{E62E52B3-5C40-4FEA-8372-E0901473C45E}.AppStore|Any CPU.Build.0 = Debug|Any CPU
		{E62E52B3-5C40-4FEA-8372-E0901473C45E}.AppStore|Any CPU.Deploy.0 = Debug|Any CPU
		{E62E52B3-5C40-4FEA-8372-E0901473C45E}.AppStore|iPhone.ActiveCfg = Debug|Any CPU
		{E62E52B3-5C40-4FEA-8372-E0901473C45E}.AppStore|iPhone.Build.0 = Debug|Any CPU
		{E62E52B3-5C40-4FEA-8372-E0901473C45E}.AppStore|iPhone.Deploy.0 = Debug|Any CPU
		{E62E52B3-5C40-4FEA-8372-E0901473C45E}.AppStore|iPhoneSimulator.ActiveCfg = Debug|Any CPU
		{E62E52B3-5C40-4FEA-8372-E0901473C45E}.AppStore|iPhoneSimulator.Build.0 = Debug|Any CPU
		{E62E52B3-5C40-4FEA-8372-E0901473C45E}.AppStore|iPhoneSimulator.Deploy.0 = Debug|Any CPU
		{E62E52B3-5C40-4FEA-8372-E0901473C45E}.Debug|Any CPU.ActiveCfg = Debug|Any CPU
		{E62E52B3-5C40-4FEA-8372-E0901473C45E}.Debug|Any CPU.Build.0 = Debug|Any CPU
		{E62E52B3-5C40-4FEA-8372-E0901473C45E}.Debug|Any CPU.Deploy.0 = Debug|Any CPU
		{E62E52B3-5C40-4FEA-8372-E0901473C45E}.Debug|iPhone.ActiveCfg = Debug|Any CPU
		{E62E52B3-5C40-4FEA-8372-E0901473C45E}.Debug|iPhone.Build.0 = Debug|Any CPU
		{E62E52B3-5C40-4FEA-8372-E0901473C45E}.Debug|iPhone.Deploy.0 = Debug|Any CPU
		{E62E52B3-5C40-4FEA-8372-E0901473C45E}.Debug|iPhoneSimulator.ActiveCfg = Debug|Any CPU
		{E62E52B3-5C40-4FEA-8372-E0901473C45E}.Debug|iPhoneSimulator.Build.0 = Debug|Any CPU
		{E62E52B3-5C40-4FEA-8372-E0901473C45E}.Debug|iPhoneSimulator.Deploy.0 = Debug|Any CPU
		{E62E52B3-5C40-4FEA-8372-E0901473C45E}.Release|Any CPU.ActiveCfg = Release|Any CPU
		{E62E52B3-5C40-4FEA-8372-E0901473C45E}.Release|Any CPU.Build.0 = Release|Any CPU
		{E62E52B3-5C40-4FEA-8372-E0901473C45E}.Release|Any CPU.Deploy.0 = Release|Any CPU
		{E62E52B3-5C40-4FEA-8372-E0901473C45E}.Release|iPhone.ActiveCfg = Release|Any CPU
		{E62E52B3-5C40-4FEA-8372-E0901473C45E}.Release|iPhone.Build.0 = Release|Any CPU
		{E62E52B3-5C40-4FEA-8372-E0901473C45E}.Release|iPhone.Deploy.0 = Release|Any CPU
		{E62E52B3-5C40-4FEA-8372-E0901473C45E}.Release|iPhoneSimulator.ActiveCfg = Release|Any CPU
		{E62E52B3-5C40-4FEA-8372-E0901473C45E}.Release|iPhoneSimulator.Build.0 = Release|Any CPU
		{E62E52B3-5C40-4FEA-8372-E0901473C45E}.Release|iPhoneSimulator.Deploy.0 = Release|Any CPU
	EndGlobalSection
	GlobalSection(SolutionProperties) = preSolution
		HideSolutionNode = FALSE
	EndGlobalSection
	GlobalSection(ExtensibilityGlobals) = postSolution
		SolutionGuid = {016C9B69-8AF9-4A7E-9D42-2B6DA3F77993}
	EndGlobalSection
EndGlobal
